
Microsoft Visual Studio Solution File, Format Version 12.00
# Visual Studio 15
VisualStudioVersion = 15.0.27703.2026
MinimumVisualStudioVersion = 10.0.40219.1
Project("{FAE04EC0-301F-11D3-BF4B-00C04F79EFBC}") = "Exercise1", "ClassLibrary\Exercise1.csproj", "{0AAC1C63-A5DA-44AB-A086-EBEAC61AC9A0}"
EndProject
Project("{FAE04EC0-301F-11D3-BF4B-00C04F79EFBC}") = "Exercise2", "Exercise2\Exercise2.csproj", "{86729BF4-4D55-4443-A58D-28602E2BF1EC}"
EndProject
Project("{FAE04EC0-301F-11D3-BF4B-00C04F79EFBC}") = "DataType", "Exercise3\DataType.csproj", "{1D85FE3F-59E7-4EBE-88AF-FB1EBBA83D58}"
EndProject
Project("{FAE04EC0-301F-11D3-BF4B-00C04F79EFBC}") = "DataType2", "DataType2\DataType2.csproj", "{D48C5638-B386-4FFC-819B-70DEE8F52C82}"
EndProject
Project("{FAE04EC0-301F-11D3-BF4B-00C04F79EFBC}") = "CharAndString1", "CharAndString1\CharAndString1.csproj", "{4B1A3A20-3E0E-44F0-BC29-86201F17092F}"
EndProject
Project("{FAE04EC0-301F-11D3-BF4B-00C04F79EFBC}") = "BoolType", "BoolType\BoolType.csproj", "{0D26F127-3A08-4B10-9506-ADFEF08CE65F}"
EndProject
Project("{FAE04EC0-301F-11D3-BF4B-00C04F79EFBC}") = "NumberCasting1", "NumberCasting1\NumberCasting1.csproj", "{2F5045C9-679D-431C-AE73-513C55F5BD89}"
EndProject
Project("{FAE04EC0-301F-11D3-BF4B-00C04F79EFBC}") = "NumberCasting2", "NumberCasting2\NumberCasting2.csproj", "{4E7F9DC3-076B-4F60-84D4-F71D3E110603}"
EndProject
Project("{FAE04EC0-301F-11D3-BF4B-00C04F79EFBC}") = "StringToNumber", "StringToNumber\StringToNumber.csproj", "{B8C4A0F2-52CF-45FF-89C6-5B2D65A36E82}"
EndProject
Global
	GlobalSection(SolutionConfigurationPlatforms) = preSolution
		Debug|Any CPU = Debug|Any CPU
		Debug|ARM = Debug|ARM
		Debug|x64 = Debug|x64
		Debug|x86 = Debug|x86
		Release|Any CPU = Release|Any CPU
		Release|ARM = Release|ARM
		Release|x64 = Release|x64
		Release|x86 = Release|x86
	EndGlobalSection
	GlobalSection(ProjectConfigurationPlatforms) = postSolution
		{0AAC1C63-A5DA-44AB-A086-EBEAC61AC9A0}.Debug|Any CPU.ActiveCfg = Debug|Any CPU
		{0AAC1C63-A5DA-44AB-A086-EBEAC61AC9A0}.Debug|Any CPU.Build.0 = Debug|Any CPU
		{0AAC1C63-A5DA-44AB-A086-EBEAC61AC9A0}.Debug|ARM.ActiveCfg = Debug|Any CPU
		{0AAC1C63-A5DA-44AB-A086-EBEAC61AC9A0}.Debug|ARM.Build.0 = Debug|Any CPU
		{0AAC1C63-A5DA-44AB-A086-EBEAC61AC9A0}.Debug|x64.ActiveCfg = Debug|Any CPU
		{0AAC1C63-A5DA-44AB-A086-EBEAC61AC9A0}.Debug|x64.Build.0 = Debug|Any CPU
		{0AAC1C63-A5DA-44AB-A086-EBEAC61AC9A0}.Debug|x86.ActiveCfg = Debug|Any CPU
		{0AAC1C63-A5DA-44AB-A086-EBEAC61AC9A0}.Debug|x86.Build.0 = Debug|Any CPU
		{0AAC1C63-A5DA-44AB-A086-EBEAC61AC9A0}.Release|Any CPU.ActiveCfg = Release|Any CPU
		{0AAC1C63-A5DA-44AB-A086-EBEAC61AC9A0}.Release|Any CPU.Build.0 = Release|Any CPU
		{0AAC1C63-A5DA-44AB-A086-EBEAC61AC9A0}.Release|ARM.ActiveCfg = Release|Any CPU
		{0AAC1C63-A5DA-44AB-A086-EBEAC61AC9A0}.Release|ARM.Build.0 = Release|Any CPU
		{0AAC1C63-A5DA-44AB-A086-EBEAC61AC9A0}.Release|x64.ActiveCfg = Release|Any CPU
		{0AAC1C63-A5DA-44AB-A086-EBEAC61AC9A0}.Release|x64.Build.0 = Release|Any CPU
		{0AAC1C63-A5DA-44AB-A086-EBEAC61AC9A0}.Release|x86.ActiveCfg = Release|Any CPU
		{0AAC1C63-A5DA-44AB-A086-EBEAC61AC9A0}.Release|x86.Build.0 = Release|Any CPU
		{86729BF4-4D55-4443-A58D-28602E2BF1EC}.Debug|Any CPU.ActiveCfg = Debug|Any CPU
		{86729BF4-4D55-4443-A58D-28602E2BF1EC}.Debug|Any CPU.Build.0 = Debug|Any CPU
		{86729BF4-4D55-4443-A58D-28602E2BF1EC}.Debug|ARM.ActiveCfg = Debug|Any CPU
		{86729BF4-4D55-4443-A58D-28602E2BF1EC}.Debug|ARM.Build.0 = Debug|Any CPU
		{86729BF4-4D55-4443-A58D-28602E2BF1EC}.Debug|x64.ActiveCfg = Debug|Any CPU
		{86729BF4-4D55-4443-A58D-28602E2BF1EC}.Debug|x64.Build.0 = Debug|Any CPU
		{86729BF4-4D55-4443-A58D-28602E2BF1EC}.Debug|x86.ActiveCfg = Debug|Any CPU
		{86729BF4-4D55-4443-A58D-28602E2BF1EC}.Debug|x86.Build.0 = Debug|Any CPU
		{86729BF4-4D55-4443-A58D-28602E2BF1EC}.Release|Any CPU.ActiveCfg = Release|Any CPU
		{86729BF4-4D55-4443-A58D-28602E2BF1EC}.Release|Any CPU.Build.0 = Release|Any CPU
		{86729BF4-4D55-4443-A58D-28602E2BF1EC}.Release|ARM.ActiveCfg = Release|Any CPU
		{86729BF4-4D55-4443-A58D-28602E2BF1EC}.Release|ARM.Build.0 = Release|Any CPU
		{86729BF4-4D55-4443-A58D-28602E2BF1EC}.Release|x64.ActiveCfg = Release|Any CPU
		{86729BF4-4D55-4443-A58D-28602E2BF1EC}.Release|x64.Build.0 = Release|Any CPU
		{86729BF4-4D55-4443-A58D-28602E2BF1EC}.Release|x86.ActiveCfg = Release|Any CPU
		{86729BF4-4D55-4443-A58D-28602E2BF1EC}.Release|x86.Build.0 = Release|Any CPU
		{1D85FE3F-59E7-4EBE-88AF-FB1EBBA83D58}.Debug|Any CPU.ActiveCfg = Debug|Any CPU
		{1D85FE3F-59E7-4EBE-88AF-FB1EBBA83D58}.Debug|Any CPU.Build.0 = Debug|Any CPU
		{1D85FE3F-59E7-4EBE-88AF-FB1EBBA83D58}.Debug|ARM.ActiveCfg = Debug|Any CPU
		{1D85FE3F-59E7-4EBE-88AF-FB1EBBA83D58}.Debug|ARM.Build.0 = Debug|Any CPU
		{1D85FE3F-59E7-4EBE-88AF-FB1EBBA83D58}.Debug|x64.ActiveCfg = Debug|Any CPU
		{1D85FE3F-59E7-4EBE-88AF-FB1EBBA83D58}.Debug|x64.Build.0 = Debug|Any CPU
		{1D85FE3F-59E7-4EBE-88AF-FB1EBBA83D58}.Debug|x86.ActiveCfg = Debug|Any CPU
		{1D85FE3F-59E7-4EBE-88AF-FB1EBBA83D58}.Debug|x86.Build.0 = Debug|Any CPU
		{1D85FE3F-59E7-4EBE-88AF-FB1EBBA83D58}.Release|Any CPU.ActiveCfg = Release|Any CPU
		{1D85FE3F-59E7-4EBE-88AF-FB1EBBA83D58}.Release|Any CPU.Build.0 = Release|Any CPU
		{1D85FE3F-59E7-4EBE-88AF-FB1EBBA83D58}.Release|ARM.ActiveCfg = Release|Any CPU
		{1D85FE3F-59E7-4EBE-88AF-FB1EBBA83D58}.Release|ARM.Build.0 = Release|Any CPU
		{1D85FE3F-59E7-4EBE-88AF-FB1EBBA83D58}.Release|x64.ActiveCfg = Release|Any CPU
		{1D85FE3F-59E7-4EBE-88AF-FB1EBBA83D58}.Release|x64.Build.0 = Release|Any CPU
		{1D85FE3F-59E7-4EBE-88AF-FB1EBBA83D58}.Release|x86.ActiveCfg = Release|Any CPU
		{1D85FE3F-59E7-4EBE-88AF-FB1EBBA83D58}.Release|x86.Build.0 = Release|Any CPU
		{D48C5638-B386-4FFC-819B-70DEE8F52C82}.Debug|Any CPU.ActiveCfg = Debug|Any CPU
		{D48C5638-B386-4FFC-819B-70DEE8F52C82}.Debug|Any CPU.Build.0 = Debug|Any CPU
		{D48C5638-B386-4FFC-819B-70DEE8F52C82}.Debug|ARM.ActiveCfg = Debug|Any CPU
		{D48C5638-B386-4FFC-819B-70DEE8F52C82}.Debug|ARM.Build.0 = Debug|Any CPU
		{D48C5638-B386-4FFC-819B-70DEE8F52C82}.Debug|x64.ActiveCfg = Debug|Any CPU
		{D48C5638-B386-4FFC-819B-70DEE8F52C82}.Debug|x64.Build.0 = Debug|Any CPU
		{D48C5638-B386-4FFC-819B-70DEE8F52C82}.Debug|x86.ActiveCfg = Debug|Any CPU
		{D48C5638-B386-4FFC-819B-70DEE8F52C82}.Debug|x86.Build.0 = Debug|Any CPU
		{D48C5638-B386-4FFC-819B-70DEE8F52C82}.Release|Any CPU.ActiveCfg = Release|Any CPU
		{D48C5638-B386-4FFC-819B-70DEE8F52C82}.Release|Any CPU.Build.0 = Release|Any CPU
		{D48C5638-B386-4FFC-819B-70DEE8F52C82}.Release|ARM.ActiveCfg = Release|Any CPU
		{D48C5638-B386-4FFC-819B-70DEE8F52C82}.Release|ARM.Build.0 = Release|Any CPU
		{D48C5638-B386-4FFC-819B-70DEE8F52C82}.Release|x64.ActiveCfg = Release|Any CPU
		{D48C5638-B386-4FFC-819B-70DEE8F52C82}.Release|x64.Build.0 = Release|Any CPU
		{D48C5638-B386-4FFC-819B-70DEE8F52C82}.Release|x86.ActiveCfg = Release|Any CPU
		{D48C5638-B386-4FFC-819B-70DEE8F52C82}.Release|x86.Build.0 = Release|Any CPU
		{4B1A3A20-3E0E-44F0-BC29-86201F17092F}.Debug|Any CPU.ActiveCfg = Debug|Any CPU
		{4B1A3A20-3E0E-44F0-BC29-86201F17092F}.Debug|Any CPU.Build.0 = Debug|Any CPU
		{4B1A3A20-3E0E-44F0-BC29-86201F17092F}.Debug|ARM.ActiveCfg = Debug|Any CPU
		{4B1A3A20-3E0E-44F0-BC29-86201F17092F}.Debug|ARM.Build.0 = Debug|Any CPU
		{4B1A3A20-3E0E-44F0-BC29-86201F17092F}.Debug|x64.ActiveCfg = Debug|Any CPU
		{4B1A3A20-3E0E-44F0-BC29-86201F17092F}.Debug|x64.Build.0 = Debug|Any CPU
		{4B1A3A20-3E0E-44F0-BC29-86201F17092F}.Debug|x86.ActiveCfg = Debug|Any CPU
		{4B1A3A20-3E0E-44F0-BC29-86201F17092F}.Debug|x86.Build.0 = Debug|Any CPU
		{4B1A3A20-3E0E-44F0-BC29-86201F17092F}.Release|Any CPU.ActiveCfg = Release|Any CPU
		{4B1A3A20-3E0E-44F0-BC29-86201F17092F}.Release|Any CPU.Build.0 = Release|Any CPU
		{4B1A3A20-3E0E-44F0-BC29-86201F17092F}.Release|ARM.ActiveCfg = Release|Any CPU
		{4B1A3A20-3E0E-44F0-BC29-86201F17092F}.Release|ARM.Build.0 = Release|Any CPU
		{4B1A3A20-3E0E-44F0-BC29-86201F17092F}.Release|x64.ActiveCfg = Release|Any CPU
		{4B1A3A20-3E0E-44F0-BC29-86201F17092F}.Release|x64.Build.0 = Release|Any CPU
		{4B1A3A20-3E0E-44F0-BC29-86201F17092F}.Release|x86.ActiveCfg = Release|Any CPU
		{4B1A3A20-3E0E-44F0-BC29-86201F17092F}.Release|x86.Build.0 = Release|Any CPU
		{0D26F127-3A08-4B10-9506-ADFEF08CE65F}.Debug|Any CPU.ActiveCfg = Debug|Any CPU
		{0D26F127-3A08-4B10-9506-ADFEF08CE65F}.Debug|Any CPU.Build.0 = Debug|Any CPU
		{0D26F127-3A08-4B10-9506-ADFEF08CE65F}.Debug|ARM.ActiveCfg = Debug|Any CPU
		{0D26F127-3A08-4B10-9506-ADFEF08CE65F}.Debug|ARM.Build.0 = Debug|Any CPU
		{0D26F127-3A08-4B10-9506-ADFEF08CE65F}.Debug|x64.ActiveCfg = Debug|Any CPU
		{0D26F127-3A08-4B10-9506-ADFEF08CE65F}.Debug|x64.Build.0 = Debug|Any CPU
		{0D26F127-3A08-4B10-9506-ADFEF08CE65F}.Debug|x86.ActiveCfg = Debug|Any CPU
		{0D26F127-3A08-4B10-9506-ADFEF08CE65F}.Debug|x86.Build.0 = Debug|Any CPU
		{0D26F127-3A08-4B10-9506-ADFEF08CE65F}.Release|Any CPU.ActiveCfg = Release|Any CPU
		{0D26F127-3A08-4B10-9506-ADFEF08CE65F}.Release|Any CPU.Build.0 = Release|Any CPU
		{0D26F127-3A08-4B10-9506-ADFEF08CE65F}.Release|ARM.ActiveCfg = Release|Any CPU
		{0D26F127-3A08-4B10-9506-ADFEF08CE65F}.Release|ARM.Build.0 = Release|Any CPU
		{0D26F127-3A08-4B10-9506-ADFEF08CE65F}.Release|x64.ActiveCfg = Release|Any CPU
		{0D26F127-3A08-4B10-9506-ADFEF08CE65F}.Release|x64.Build.0 = Release|Any CPU
		{0D26F127-3A08-4B10-9506-ADFEF08CE65F}.Release|x86.ActiveCfg = Release|Any CPU
		{0D26F127-3A08-4B10-9506-ADFEF08CE65F}.Release|x86.Build.0 = Release|Any CPU
		{2F5045C9-679D-431C-AE73-513C55F5BD89}.Debug|Any CPU.ActiveCfg = Debug|Any CPU
		{2F5045C9-679D-431C-AE73-513C55F5BD89}.Debug|Any CPU.Build.0 = Debug|Any CPU
		{2F5045C9-679D-431C-AE73-513C55F5BD89}.Debug|ARM.ActiveCfg = Debug|Any CPU
		{2F5045C9-679D-431C-AE73-513C55F5BD89}.Debug|ARM.Build.0 = Debug|Any CPU
		{2F5045C9-679D-431C-AE73-513C55F5BD89}.Debug|x64.ActiveCfg = Debug|Any CPU
		{2F5045C9-679D-431C-AE73-513C55F5BD89}.Debug|x64.Build.0 = Debug|Any CPU
		{2F5045C9-679D-431C-AE73-513C55F5BD89}.Debug|x86.ActiveCfg = Debug|Any CPU
		{2F5045C9-679D-431C-AE73-513C55F5BD89}.Debug|x86.Build.0 = Debug|Any CPU
		{2F5045C9-679D-431C-AE73-513C55F5BD89}.Release|Any CPU.ActiveCfg = Release|Any CPU
		{2F5045C9-679D-431C-AE73-513C55F5BD89}.Release|Any CPU.Build.0 = Release|Any CPU
		{2F5045C9-679D-431C-AE73-513C55F5BD89}.Release|ARM.ActiveCfg = Release|Any CPU
		{2F5045C9-679D-431C-AE73-513C55F5BD89}.Release|ARM.Build.0 = Release|Any CPU
		{2F5045C9-679D-431C-AE73-513C55F5BD89}.Release|x64.ActiveCfg = Release|Any CPU
		{2F5045C9-679D-431C-AE73-513C55F5BD89}.Release|x64.Build.0 = Release|Any CPU
		{2F5045C9-679D-431C-AE73-513C55F5BD89}.Release|x86.ActiveCfg = Release|Any CPU
		{2F5045C9-679D-431C-AE73-513C55F5BD89}.Release|x86.Build.0 = Release|Any CPU
		{4E7F9DC3-076B-4F60-84D4-F71D3E110603}.Debug|Any CPU.ActiveCfg = Debug|Any CPU
		{4E7F9DC3-076B-4F60-84D4-F71D3E110603}.Debug|Any CPU.Build.0 = Debug|Any CPU
		{4E7F9DC3-076B-4F60-84D4-F71D3E110603}.Debug|ARM.ActiveCfg = Debug|Any CPU
		{4E7F9DC3-076B-4F60-84D4-F71D3E110603}.Debug|ARM.Build.0 = Debug|Any CPU
		{4E7F9DC3-076B-4F60-84D4-F71D3E110603}.Debug|x64.ActiveCfg = Debug|Any CPU
		{4E7F9DC3-076B-4F60-84D4-F71D3E110603}.Debug|x64.Build.0 = Debug|Any CPU
		{4E7F9DC3-076B-4F60-84D4-F71D3E110603}.Debug|x86.ActiveCfg = Debug|Any CPU
		{4E7F9DC3-076B-4F60-84D4-F71D3E110603}.Debug|x86.Build.0 = Debug|Any CPU
		{4E7F9DC3-076B-4F60-84D4-F71D3E110603}.Release|Any CPU.ActiveCfg = Release|Any CPU
		{4E7F9DC3-076B-4F60-84D4-F71D3E110603}.Release|Any CPU.Build.0 = Release|Any CPU
		{4E7F9DC3-076B-4F60-84D4-F71D3E110603}.Release|ARM.ActiveCfg = Release|Any CPU
		{4E7F9DC3-076B-4F60-84D4-F71D3E110603}.Release|ARM.Build.0 = Release|Any CPU
		{4E7F9DC3-076B-4F60-84D4-F71D3E110603}.Release|x64.ActiveCfg = Release|Any CPU
		{4E7F9DC3-076B-4F60-84D4-F71D3E110603}.Release|x64.Build.0 = Release|Any CPU
		{4E7F9DC3-076B-4F60-84D4-F71D3E110603}.Release|x86.ActiveCfg = Release|Any CPU
		{4E7F9DC3-076B-4F60-84D4-F71D3E110603}.Release|x86.Build.0 = Release|Any CPU
		{B8C4A0F2-52CF-45FF-89C6-5B2D65A36E82}.Debug|Any CPU.ActiveCfg = Debug|Any CPU
		{B8C4A0F2-52CF-45FF-89C6-5B2D65A36E82}.Debug|Any CPU.Build.0 = Debug|Any CPU
		{B8C4A0F2-52CF-45FF-89C6-5B2D65A36E82}.Debug|ARM.ActiveCfg = Debug|Any CPU
		{B8C4A0F2-52CF-45FF-89C6-5B2D65A36E82}.Debug|ARM.Build.0 = Debug|Any CPU
		{B8C4A0F2-52CF-45FF-89C6-5B2D65A36E82}.Debug|x64.ActiveCfg = Debug|Any CPU
		{B8C4A0F2-52CF-45FF-89C6-5B2D65A36E82}.Debug|x64.Build.0 = Debug|Any CPU
		{B8C4A0F2-52CF-45FF-89C6-5B2D65A36E82}.Debug|x86.ActiveCfg = Debug|Any CPU
		{B8C4A0F2-52CF-45FF-89C6-5B2D65A36E82}.Debug|x86.Build.0 = Debug|Any CPU
		{B8C4A0F2-52CF-45FF-89C6-5B2D65A36E82}.Release|Any CPU.ActiveCfg = Release|Any CPU
		{B8C4A0F2-52CF-45FF-89C6-5B2D65A36E82}.Release|Any CPU.Build.0 = Release|Any CPU
		{B8C4A0F2-52CF-45FF-89C6-5B2D65A36E82}.Release|ARM.ActiveCfg = Release|Any CPU
		{B8C4A0F2-52CF-45FF-89C6-5B2D65A36E82}.Release|ARM.Build.0 = Release|Any CPU
		{B8C4A0F2-52CF-45FF-89C6-5B2D65A36E82}.Release|x64.ActiveCfg = Release|Any CPU
		{B8C4A0F2-52CF-45FF-89C6-5B2D65A36E82}.Release|x64.Build.0 = Release|Any CPU
		{B8C4A0F2-52CF-45FF-89C6-5B2D65A36E82}.Release|x86.ActiveCfg = Release|Any CPU
		{B8C4A0F2-52CF-45FF-89C6-5B2D65A36E82}.Release|x86.Build.0 = Release|Any CPU
	EndGlobalSection
	GlobalSection(SolutionProperties) = preSolution
		HideSolutionNode = FALSE
	EndGlobalSection
	GlobalSection(ExtensibilityGlobals) = postSolution
		SolutionGuid = {10A4DC17-2804-4B94-895B-03EE41EB71D8}
	EndGlobalSection
EndGlobal
